
Microsoft Visual Studio Solution File, Format Version 12.00
Project("{FAE04EC0-301F-11D3-BF4B-00C04F79EFBC}") = "TestApplication", "TestApplication\TestApplication.csproj", "{981BC6E1-DBF3-4444-8CDC-8D131A55776B}"
EndProject
Global
	GlobalSection(SolutionConfigurationPlatforms) = preSolution
		Debug|Any CPU = Debug|Any CPU
		Release|Any CPU = Release|Any CPU
	EndGlobalSection
	GlobalSection(ProjectConfigurationPlatforms) = postSolution
		{981BC6E1-DBF3-4444-8CDC-8D131A55776B}.Debug|Any CPU.ActiveCfg = Debug|Any CPU
		{981BC6E1-DBF3-4444-8CDC-8D131A55776B}.Debug|Any CPU.Build.0 = Debug|Any CPU
		{981BC6E1-DBF3-4444-8CDC-8D131A55776B}.Release|Any CPU.ActiveCfg = Release|Any CPU
		{981BC6E1-DBF3-4444-8CDC-8D131A55776B}.Release|Any CPU.Build.0 = Release|Any CPU
	EndGlobalSection
EndGlobal
